// !$*UTF8*$!
{
	archiveVersion = 1;
	classes = {
	};
	objectVersion = 50;
	objects = {

/* Begin PBXBuildFile section */
		EBEC235925E5014C00D3A0C5 /* AppDelegate.swift in Sources */ = {isa = PBXBuildFile; fileRef = EBEC235825E5014C00D3A0C5 /* AppDelegate.swift */; };
		EBEC235B25E5014C00D3A0C5 /* SceneDelegate.swift in Sources */ = {isa = PBXBuildFile; fileRef = EBEC235A25E5014C00D3A0C5 /* SceneDelegate.swift */; };
		EBEC235D25E5014C00D3A0C5 /* ViewController.swift in Sources */ = {isa = PBXBuildFile; fileRef = EBEC235C25E5014C00D3A0C5 /* ViewController.swift */; };
		EBEC236025E5014C00D3A0C5 /* Main.storyboard in Resources */ = {isa = PBXBuildFile; fileRef = EBEC235E25E5014C00D3A0C5 /* Main.storyboard */; };
		EBEC236225E5014E00D3A0C5 /* Assets.xcassets in Resources */ = {isa = PBXBuildFile; fileRef = EBEC236125E5014E00D3A0C5 /* Assets.xcassets */; };
		EBEC236525E5014E00D3A0C5 /* LaunchScreen.storyboard in Resources */ = {isa = PBXBuildFile; fileRef = EBEC236325E5014E00D3A0C5 /* LaunchScreen.storyboard */; };
		EBEC237025E5014E00D3A0C5 /* quize_newTests.swift in Sources */ = {isa = PBXBuildFile; fileRef = EBEC236F25E5014E00D3A0C5 /* quize_newTests.swift */; };
		EBEC237B25E5014E00D3A0C5 /* quize_newUITests.swift in Sources */ = {isa = PBXBuildFile; fileRef = EBEC237A25E5014E00D3A0C5 /* quize_newUITests.swift */; };
/* End PBXBuildFile section */

/* Begin PBXContainerItemProxy section */
		EBEC236C25E5014E00D3A0C5 /* PBXContainerItemProxy */ = {
			isa = PBXContainerItemProxy;
			containerPortal = EBEC234D25E5014C00D3A0C5 /* Project object */;
			proxyType = 1;
			remoteGlobalIDString = EBEC235425E5014C00D3A0C5;
			remoteInfo = "quize new";
		};
		EBEC237725E5014E00D3A0C5 /* PBXContainerItemProxy */ = {
			isa = PBXContainerItemProxy;
			containerPortal = EBEC234D25E5014C00D3A0C5 /* Project object */;
			proxyType = 1;
			remoteGlobalIDString = EBEC235425E5014C00D3A0C5;
			remoteInfo = "quize new";
		};
/* End PBXContainerItemProxy section */

/* Begin PBXFileReference section */
		EBEC235525E5014C00D3A0C5 /* quize new.app */ = {isa = PBXFileReference; explicitFileType = wrapper.application; includeInIndex = 0; path = "quize new.app"; sourceTree = BUILT_PRODUCTS_DIR; };
		EBEC235825E5014C00D3A0C5 /* AppDelegate.swift */ = {isa = PBXFileReference; lastKnownFileType = sourcecode.swift; path = AppDelegate.swift; sourceTree = "<group>"; };
		EBEC235A25E5014C00D3A0C5 /* SceneDelegate.swift */ = {isa = PBXFileReference; lastKnownFileType = sourcecode.swift; path = SceneDelegate.swift; sourceTree = "<group>"; };
		EBEC235C25E5014C00D3A0C5 /* ViewController.swift */ = {isa = PBXFileReference; lastKnownFileType = sourcecode.swift; path = ViewController.swift; sourceTree = "<group>"; };
		EBEC235F25E5014C00D3A0C5 /* Base */ = {isa = PBXFileReference; lastKnownFileType = file.storyboard; name = Base; path = Base.lproj/Main.storyboard; sourceTree = "<group>"; };
		EBEC236125E5014E00D3A0C5 /* Assets.xcassets */ = {isa = PBXFileReference; lastKnownFileType = folder.assetcatalog; path = Assets.xcassets; sourceTree = "<group>"; };
		EBEC236425E5014E00D3A0C5 /* Base */ = {isa = PBXFileReference; lastKnownFileType = file.storyboard; name = Base; path = Base.lproj/LaunchScreen.storyboard; sourceTree = "<group>"; };
		EBEC236625E5014E00D3A0C5 /* Info.plist */ = {isa = PBXFileReference; lastKnownFileType = text.plist.xml; path = Info.plist; sourceTree = "<group>"; };
		EBEC236B25E5014E00D3A0C5 /* quize newTests.xctest */ = {isa = PBXFileReference; explicitFileType = wrapper.cfbundle; includeInIndex = 0; path = "quize newTests.xctest"; sourceTree = BUILT_PRODUCTS_DIR; };
		EBEC236F25E5014E00D3A0C5 /* quize_newTests.swift */ = {isa = PBXFileReference; lastKnownFileType = sourcecode.swift; path = quize_newTests.swift; sourceTree = "<group>"; };
		EBEC237125E5014E00D3A0C5 /* Info.plist */ = {isa = PBXFileReference; lastKnownFileType = text.plist.xml; path = Info.plist; sourceTree = "<group>"; };
		EBEC237625E5014E00D3A0C5 /* quize newUITests.xctest */ = {isa = PBXFileReference; explicitFileType = wrapper.cfbundle; includeInIndex = 0; path = "quize newUITests.xctest"; sourceTree = BUILT_PRODUCTS_DIR; };
		EBEC237A25E5014E00D3A0C5 /* quize_newUITests.swift */ = {isa = PBXFileReference; lastKnownFileType = sourcecode.swift; path = quize_newUITests.swift; sourceTree = "<group>"; };
		EBEC237C25E5014E00D3A0C5 /* Info.plist */ = {isa = PBXFileReference; lastKnownFileType = text.plist.xml; path = Info.plist; sourceTree = "<group>"; };
/* End PBXFileReference section */

/* Begin PBXFrameworksBuildPhase section */
		EBEC235225E5014C00D3A0C5 /* Frameworks */ = {
			isa = PBXFrameworksBuildPhase;
			buildActionMask = 2147483647;
			files = (
			);
			runOnlyForDeploymentPostprocessing = 0;
		};
		EBEC236825E5014E00D3A0C5 /* Frameworks */ = {
			isa = PBXFrameworksBuildPhase;
			buildActionMask = 2147483647;
			files = (
			);
			runOnlyForDeploymentPostprocessing = 0;
		};
		EBEC237325E5014E00D3A0C5 /* Frameworks */ = {
			isa = PBXFrameworksBuildPhase;
			buildActionMask = 2147483647;
			files = (
			);
			runOnlyForDeploymentPostprocessing = 0;
		};
/* End PBXFrameworksBuildPhase section */

/* Begin PBXGroup section */
		EBEC234C25E5014C00D3A0C5 = {
			isa = PBXGroup;
			children = (
				EBEC235725E5014C00D3A0C5 /* quize new */,
				EBEC236E25E5014E00D3A0C5 /* quize newTests */,
				EBEC237925E5014E00D3A0C5 /* quize newUITests */,
				EBEC235625E5014C00D3A0C5 /* Products */,
			);
			sourceTree = "<group>";
		};
		EBEC235625E5014C00D3A0C5 /* Products */ = {
			isa = PBXGroup;
			children = (
				EBEC235525E5014C00D3A0C5 /* quize new.app */,
				EBEC236B25E5014E00D3A0C5 /* quize newTests.xctest */,
				EBEC237625E5014E00D3A0C5 /* quize newUITests.xctest */,
			);
			name = Products;
			sourceTree = "<group>";
		};
		EBEC235725E5014C00D3A0C5 /* quize new */ = {
			isa = PBXGroup;
			children = (
				EBEC235825E5014C00D3A0C5 /* AppDelegate.swift */,
				EBEC235A25E5014C00D3A0C5 /* SceneDelegate.swift */,
				EBEC235C25E5014C00D3A0C5 /* ViewController.swift */,
				EBEC235E25E5014C00D3A0C5 /* Main.storyboard */,
				EBEC236125E5014E00D3A0C5 /* Assets.xcassets */,
				EBEC236325E5014E00D3A0C5 /* LaunchScreen.storyboard */,
				EBEC236625E5014E00D3A0C5 /* Info.plist */,
			);
			path = "quize new";
			sourceTree = "<group>";
		};
		EBEC236E25E5014E00D3A0C5 /* quize newTests */ = {
			isa = PBXGroup;
			children = (
				EBEC236F25E5014E00D3A0C5 /* quize_newTests.swift */,
				EBEC237125E5014E00D3A0C5 /* Info.plist */,
			);
			path = "quize newTests";
			sourceTree = "<group>";
		};
		EBEC237925E5014E00D3A0C5 /* quize newUITests */ = {
			isa = PBXGroup;
			children = (
				EBEC237A25E5014E00D3A0C5 /* quize_newUITests.swift */,
				EBEC237C25E5014E00D3A0C5 /* Info.plist */,
			);
			path = "quize newUITests";
			sourceTree = "<group>";
		};
/* End PBXGroup section */

/* Begin PBXNativeTarget section */
		EBEC235425E5014C00D3A0C5 /* quize new */ = {
			isa = PBXNativeTarget;
			buildConfigurationList = EBEC237F25E5014E00D3A0C5 /* Build configuration list for PBXNativeTarget "quize new" */;
			buildPhases = (
				EBEC235125E5014C00D3A0C5 /* Sources */,
				EBEC235225E5014C00D3A0C5 /* Frameworks */,
				EBEC235325E5014C00D3A0C5 /* Resources */,
			);
			buildRules = (
			);
			dependencies = (
			);
			name = "quize new";
			productName = "quize new";
			productReference = EBEC235525E5014C00D3A0C5 /* quize new.app */;
			productType = "com.apple.product-type.application";
		};
		EBEC236A25E5014E00D3A0C5 /* quize newTests */ = {
			isa = PBXNativeTarget;
			buildConfigurationList = EBEC238225E5014E00D3A0C5 /* Build configuration list for PBXNativeTarget "quize newTests" */;
			buildPhases = (
				EBEC236725E5014E00D3A0C5 /* Sources */,
				EBEC236825E5014E00D3A0C5 /* Frameworks */,
				EBEC236925E5014E00D3A0C5 /* Resources */,
			);
			buildRules = (
			);
			dependencies = (
				EBEC236D25E5014E00D3A0C5 /* PBXTargetDependency */,
			);
			name = "quize newTests";
			productName = "quize newTests";
			productReference = EBEC236B25E5014E00D3A0C5 /* quize newTests.xctest */;
			productType = "com.apple.product-type.bundle.unit-test";
		};
		EBEC237525E5014E00D3A0C5 /* quize newUITests */ = {
			isa = PBXNativeTarget;
			buildConfigurationList = EBEC238525E5014E00D3A0C5 /* Build configuration list for PBXNativeTarget "quize newUITests" */;
			buildPhases = (
				EBEC237225E5014E00D3A0C5 /* Sources */,
				EBEC237325E5014E00D3A0C5 /* Frameworks */,
				EBEC237425E5014E00D3A0C5 /* Resources */,
			);
			buildRules = (
			);
			dependencies = (
				EBEC237825E5014E00D3A0C5 /* PBXTargetDependency */,
			);
			name = "quize newUITests";
			productName = "quize newUITests";
			productReference = EBEC237625E5014E00D3A0C5 /* quize newUITests.xctest */;
			productType = "com.apple.product-type.bundle.ui-testing";
		};
/* End PBXNativeTarget section */

/* Begin PBXProject section */
		EBEC234D25E5014C00D3A0C5 /* Project object */ = {
			isa = PBXProject;
			attributes = {
				LastSwiftUpdateCheck = 1230;
				LastUpgradeCheck = 1230;
				TargetAttributes = {
					EBEC235425E5014C00D3A0C5 = {
						CreatedOnToolsVersion = 12.3;
					};
					EBEC236A25E5014E00D3A0C5 = {
						CreatedOnToolsVersion = 12.3;
						TestTargetID = EBEC235425E5014C00D3A0C5;
					};
					EBEC237525E5014E00D3A0C5 = {
						CreatedOnToolsVersion = 12.3;
						TestTargetID = EBEC235425E5014C00D3A0C5;
					};
				};
			};
			buildConfigurationList = EBEC235025E5014C00D3A0C5 /* Build configuration list for PBXProject "quize new" */;
			compatibilityVersion = "Xcode 9.3";
			developmentRegion = en;
			hasScannedForEncodings = 0;
			knownRegions = (
				en,
				Base,
			);
			mainGroup = EBEC234C25E5014C00D3A0C5;
			productRefGroup = EBEC235625E5014C00D3A0C5 /* Products */;
			projectDirPath = "";
			projectRoot = "";
			targets = (
				EBEC235425E5014C00D3A0C5 /* quize new */,
				EBEC236A25E5014E00D3A0C5 /* quize newTests */,
				EBEC237525E5014E00D3A0C5 /* quize newUITests */,
			);
		};
/* End PBXProject section */

/* Begin PBXResourcesBuildPhase section */
		EBEC235325E5014C00D3A0C5 /* Resources */ = {
			isa = PBXResourcesBuildPhase;
			buildActionMask = 2147483647;
			files = (
				EBEC236525E5014E00D3A0C5 /* LaunchScreen.storyboard in Resources */,
				EBEC236225E5014E00D3A0C5 /* Assets.xcassets in Resources */,
				EBEC236025E5014C00D3A0C5 /* Main.storyboard in Resources */,
			);
			runOnlyForDeploymentPostprocessing = 0;
		};
		EBEC236925E5014E00D3A0C5 /* Resources */ = {
			isa = PBXResourcesBuildPhase;
			buildActionMask = 2147483647;
			files = (
			);
			runOnlyForDeploymentPostprocessing = 0;
		};
		EBEC237425E5014E00D3A0C5 /* Resources */ = {
			isa = PBXResourcesBuildPhase;
			buildActionMask = 2147483647;
			files = (
			);
			runOnlyForDeploymentPostprocessing = 0;
		};
/* End PBXResourcesBuildPhase section */

/* Begin PBXSourcesBuildPhase section */
		EBEC235125E5014C00D3A0C5 /* Sources */ = {
			isa = PBXSourcesBuildPhase;
			buildActionMask = 2147483647;
			files = (
				EBEC235D25E5014C00D3A0C5 /* ViewController.swift in Sources */,
				EBEC235925E5014C00D3A0C5 /* AppDelegate.swift in Sources */,
				EBEC235B25E5014C00D3A0C5 /* SceneDelegate.swift in Sources */,
			);
			runOnlyForDeploymentPostprocessing = 0;
		};
		EBEC236725E5014E00D3A0C5 /* Sources */ = {
			isa = PBXSourcesBuildPhase;
			buildActionMask = 2147483647;
			files = (
				EBEC237025E5014E00D3A0C5 /* quize_newTests.swift in Sources */,
			);
			runOnlyForDeploymentPostprocessing = 0;
		};
		EBEC237225E5014E00D3A0C5 /* Sources */ = {
			isa = PBXSourcesBuildPhase;
			buildActionMask = 2147483647;
			files = (
				EBEC237B25E5014E00D3A0C5 /* quize_newUITests.swift in Sources */,
			);
			runOnlyForDeploymentPostprocessing = 0;
		};
/* End PBXSourcesBuildPhase section */

/* Begin PBXTargetDependency section */
		EBEC236D25E5014E00D3A0C5 /* PBXTargetDependency */ = {
			isa = PBXTargetDependency;
			target = EBEC235425E5014C00D3A0C5 /* quize new */;
			targetProxy = EBEC236C25E5014E00D3A0C5 /* PBXContainerItemProxy */;
		};
		EBEC237825E5014E00D3A0C5 /* PBXTargetDependency */ = {
			isa = PBXTargetDependency;
			target = EBEC235425E5014C00D3A0C5 /* quize new */;
			targetProxy = EBEC237725E5014E00D3A0C5 /* PBXContainerItemProxy */;
		};
/* End PBXTargetDependency section */

/* Begin PBXVariantGroup section */
		EBEC235E25E5014C00D3A0C5 /* Main.storyboard */ = {
			isa = PBXVariantGroup;
			children = (
				EBEC235F25E5014C00D3A0C5 /* Base */,
			);
			name = Main.storyboard;
			sourceTree = "<group>";
		};
		EBEC236325E5014E00D3A0C5 /* LaunchScreen.storyboard */ = {
			isa = PBXVariantGroup;
			children = (
				EBEC236425E5014E00D3A0C5 /* Base */,
			);
			name = LaunchScreen.storyboard;
			sourceTree = "<group>";
		};
/* End PBXVariantGroup section */

/* Begin XCBuildConfiguration section */
		EBEC237D25E5014E00D3A0C5 /* Debug */ = {
			isa = XCBuildConfiguration;
			buildSettings = {
				ALWAYS_SEARCH_USER_PATHS = NO;
				CLANG_ANALYZER_NONNULL = YES;
				CLANG_ANALYZER_NUMBER_OBJECT_CONVERSION = YES_AGGRESSIVE;
				CLANG_CXX_LANGUAGE_STANDARD = "gnu++14";
				CLANG_CXX_LIBRARY = "libc++";
				CLANG_ENABLE_MODULES = YES;
				CLANG_ENABLE_OBJC_ARC = YES;
				CLANG_ENABLE_OBJC_WEAK = YES;
				CLANG_WARN_BLOCK_CAPTURE_AUTORELEASING = YES;
				CLANG_WARN_BOOL_CONVERSION = YES;
				CLANG_WARN_COMMA = YES;
				CLANG_WARN_CONSTANT_CONVERSION = YES;
				CLANG_WARN_DEPRECATED_OBJC_IMPLEMENTATIONS = YES;
				CLANG_WARN_DIRECT_OBJC_ISA_USAGE = YES_ERROR;
				CLANG_WARN_DOCUMENTATION_COMMENTS = YES;
				CLANG_WARN_EMPTY_BODY = YES;
				CLANG_WARN_ENUM_CONVERSION = YES;
				CLANG_WARN_INFINITE_RECURSION = YES;
				CLANG_WARN_INT_CONVERSION = YES;
				CLANG_WARN_NON_LITERAL_NULL_CONVERSION = YES;
				CLANG_WARN_OBJC_IMPLICIT_RETAIN_SELF = YES;
				CLANG_WARN_OBJC_LITERAL_CONVERSION = YES;
				CLANG_WARN_OBJC_ROOT_CLASS = YES_ERROR;
				CLANG_WARN_QUOTED_INCLUDE_IN_FRAMEWORK_HEADER = YES;
				CLANG_WARN_RANGE_LOOP_ANALYSIS = YES;
				CLANG_WARN_STRICT_PROTOTYPES = YES;
				CLANG_WARN_SUSPICIOUS_MOVE = YES;
				CLANG_WARN_UNGUARDED_AVAILABILITY = YES_AGGRESSIVE;
				CLANG_WARN_UNREACHABLE_CODE = YES;
				CLANG_WARN__DUPLICATE_METHOD_MATCH = YES;
				COPY_PHASE_STRIP = NO;
				DEBUG_INFORMATION_FORMAT = dwarf;
				ENABLE_STRICT_OBJC_MSGSEND = YES;
				ENABLE_TESTABILITY = YES;
				GCC_C_LANGUAGE_STANDARD = gnu11;
				GCC_DYNAMIC_NO_PIC = NO;
				GCC_NO_COMMON_BLOCKS = YES;
				GCC_OPTIMIZATION_LEVEL = 0;
				GCC_PREPROCESSOR_DEFINITIONS = (
					"DEBUG=1",
					"$(inherited)",
				);
				GCC_WARN_64_TO_32_BIT_CONVERSION = YES;
				GCC_WARN_ABOUT_RETURN_TYPE = YES_ERROR;
				GCC_WARN_UNDECLARED_SELECTOR = YES;
				GCC_WARN_UNINITIALIZED_AUTOS = YES_AGGRESSIVE;
				GCC_WARN_UNUSED_FUNCTION = YES;
				GCC_WARN_UNUSED_VARIABLE = YES;
				IPHONEOS_DEPLOYMENT_TARGET = 14.3;
				MTL_ENABLE_DEBUG_INFO = INCLUDE_SOURCE;
				MTL_FAST_MATH = YES;
				ONLY_ACTIVE_ARCH = YES;
				SDKROOT = iphoneos;
				SWIFT_ACTIVE_COMPILATION_CONDITIONS = DEBUG;
				SWIFT_OPTIMIZATION_LEVEL = "-Onone";
			};
			name = Debug;
		};
		EBEC237E25E5014E00D3A0C5 /* Release */ = {
			isa = XCBuildConfiguration;
			buildSettings = {
				ALWAYS_SEARCH_USER_PATHS = NO;
				CLANG_ANALYZER_NONNULL = YES;
				CLANG_ANALYZER_NUMBER_OBJECT_CONVERSION = YES_AGGRESSIVE;
				CLANG_CXX_LANGUAGE_STANDARD = "gnu++14";
				CLANG_CXX_LIBRARY = "libc++";
				CLANG_ENABLE_MODULES = YES;
				CLANG_ENABLE_OBJC_ARC = YES;
				CLANG_ENABLE_OBJC_WEAK = YES;
				CLANG_WARN_BLOCK_CAPTURE_AUTORELEASING = YES;
				CLANG_WARN_BOOL_CONVERSION = YES;
				CLANG_WARN_COMMA = YES;
				CLANG_WARN_CONSTANT_CONVERSION = YES;
				CLANG_WARN_DEPRECATED_OBJC_IMPLEMENTATIONS = YES;
				CLANG_WARN_DIRECT_OBJC_ISA_USAGE = YES_ERROR;
				CLANG_WARN_DOCUMENTATION_COMMENTS = YES;
				CLANG_WARN_EMPTY_BODY = YES;
				CLANG_WARN_ENUM_CONVERSION = YES;
				CLANG_WARN_INFINITE_RECURSION = YES;
				CLANG_WARN_INT_CONVERSION = YES;
				CLANG_WARN_NON_LITERAL_NULL_CONVERSION = YES;
				CLANG_WARN_OBJC_IMPLICIT_RETAIN_SELF = YES;
				CLANG_WARN_OBJC_LITERAL_CONVERSION = YES;
				CLANG_WARN_OBJC_ROOT_CLASS = YES_ERROR;
				CLANG_WARN_QUOTED_INCLUDE_IN_FRAMEWORK_HEADER = YES;
				CLANG_WARN_RANGE_LOOP_ANALYSIS = YES;
				CLANG_WARN_STRICT_PROTOTYPES = YES;
				CLANG_WARN_SUSPICIOUS_MOVE = YES;
				CLANG_WARN_UNGUARDED_AVAILABILITY = YES_AGGRESSIVE;
				CLANG_WARN_UNREACHABLE_CODE = YES;
				CLANG_WARN__DUPLICATE_METHOD_MATCH = YES;
				COPY_PHASE_STRIP = NO;
				DEBUG_INFORMATION_FORMAT = "dwarf-with-dsym";
				ENABLE_NS_ASSERTIONS = NO;
				ENABLE_STRICT_OBJC_MSGSEND = YES;
				GCC_C_LANGUAGE_STANDARD = gnu11;
				GCC_NO_COMMON_BLOCKS = YES;
				GCC_WARN_64_TO_32_BIT_CONVERSION = YES;
				GCC_WARN_ABOUT_RETURN_TYPE = YES_ERROR;
				GCC_WARN_UNDECLARED_SELECTOR = YES;
				GCC_WARN_UNINITIALIZED_AUTOS = YES_AGGRESSIVE;
				GCC_WARN_UNUSED_FUNCTION = YES;
				GCC_WARN_UNUSED_VARIABLE = YES;
				IPHONEOS_DEPLOYMENT_TARGET = 14.3;
				MTL_ENABLE_DEBUG_INFO = NO;
				MTL_FAST_MATH = YES;
				SDKROOT = iphoneos;
				SWIFT_COMPILATION_MODE = wholemodule;
				SWIFT_OPTIMIZATION_LEVEL = "-O";
				VALIDATE_PRODUCT = YES;
			};
			name = Release;
		};
		EBEC238025E5014E00D3A0C5 /* Debug */ = {
			isa = XCBuildConfiguration;
			buildSettings = {
				ASSETCATALOG_COMPILER_APPICON_NAME = AppIcon;
				ASSETCATALOG_COMPILER_GLOBAL_ACCENT_COLOR_NAME = AccentColor;
				CODE_SIGN_STYLE = Automatic;
				INFOPLIST_FILE = "quize new/Info.plist";
				LD_RUNPATH_SEARCH_PATHS = (
					"$(inherited)",
					"@executable_path/Frameworks",
				);
				PRODUCT_BUNDLE_IDENTIFIER = "com.litech.quize-new";
				PRODUCT_NAME = "$(TARGET_NAME)";
				SWIFT_VERSION = 5.0;
				TARGETED_DEVICE_FAMILY = "1,2";
			};
			name = Debug;
		};
		EBEC238125E5014E00D3A0C5 /* Release */ = {
			isa = XCBuildConfiguration;
			buildSettings = {
				ASSETCATALOG_COMPILER_APPICON_NAME = AppIcon;
				ASSETCATALOG_COMPILER_GLOBAL_ACCENT_COLOR_NAME = AccentColor;
				CODE_SIGN_STYLE = Automatic;
				INFOPLIST_FILE = "quize new/Info.plist";
				LD_RUNPATH_SEARCH_PATHS = (
					"$(inherited)",
					"@executable_path/Frameworks",
				);
				PRODUCT_BUNDLE_IDENTIFIER = "com.litech.quize-new";
				PRODUCT_NAME = "$(TARGET_NAME)";
				SWIFT_VERSION = 5.0;
				TARGETED_DEVICE_FAMILY = "1,2";
			};
			name = Release;
		};
		EBEC238325E5014E00D3A0C5 /* Debug */ = {
			isa = XCBuildConfiguration;
			buildSettings = {
				ALWAYS_EMBED_SWIFT_STANDARD_LIBRARIES = YES;
				BUNDLE_LOADER = "$(TEST_HOST)";
				CODE_SIGN_STYLE = Automatic;
				INFOPLIST_FILE = "quize newTests/Info.plist";
				IPHONEOS_DEPLOYMENT_TARGET = 14.3;
				LD_RUNPATH_SEARCH_PATHS = (
					"$(inherited)",
					"@executable_path/Frameworks",
					"@loader_path/Frameworks",
				);
				PRODUCT_BUNDLE_IDENTIFIER = "com.litech.quize-newTests";
				PRODUCT_NAME = "$(TARGET_NAME)";
				SWIFT_VERSION = 5.0;
				TARGETED_DEVICE_FAMILY = "1,2";
				TEST_HOST = "$(BUILT_PRODUCTS_DIR)/quize new.app/quize new";
			};
			name = Debug;
		};
		EBEC238425E5014E00D3A0C5 /* Release */ = {
			isa = XCBuildConfiguration;
			buildSettings = {
				ALWAYS_EMBED_SWIFT_STANDARD_LIBRARIES = YES;
				BUNDLE_LOADER = "$(TEST_HOST)";
				CODE_SIGN_STYLE = Automatic;
				INFOPLIST_FILE = "quize newTests/Info.plist";
				IPHONEOS_DEPLOYMENT_TARGET = 14.3;
				LD_RUNPATH_SEARCH_PATHS = (
					"$(inherited)",
					"@executable_path/Frameworks",
					"@loader_path/Frameworks",
				);
				PRODUCT_BUNDLE_IDENTIFIER = "com.litech.quize-newTests";
				PRODUCT_NAME = "$(TARGET_NAME)";
				SWIFT_VERSION = 5.0;
				TARGETED_DEVICE_FAMILY = "1,2";
				TEST_HOST = "$(BUILT_PRODUCTS_DIR)/quize new.app/quize new";
			};
			name = Release;
		};
		EBEC238625E5014E00D3A0C5 /* Debug */ = {
			isa = XCBuildConfiguration;
			buildSettings = {
				ALWAYS_EMBED_SWIFT_STANDARD_LIBRARIES = YES;
				CODE_SIGN_STYLE = Automatic;
				INFOPLIST_FILE = "quize newUITests/Info.plist";
				LD_RUNPATH_SEARCH_PATHS = (
					"$(inherited)",
					"@executable_path/Frameworks",
					"@loader_path/Frameworks",
				);
				PRODUCT_BUNDLE_IDENTIFIER = "com.litech.quize-newUITests";
				PRODUCT_NAME = "$(TARGET_NAME)";
				SWIFT_VERSION = 5.0;
				TARGETED_DEVICE_FAMILY = "1,2";
				TEST_TARGET_NAME = "quize new";
			};
			name = Debug;
		};
		EBEC238725E5014E00D3A0C5 /* Release */ = {
			isa = XCBuildConfiguration;
			buildSettings = {
				ALWAYS_EMBED_SWIFT_STANDARD_LIBRARIES = YES;
				CODE_SIGN_STYLE = Automatic;
				INFOPLIST_FILE = "quize newUITests/Info.plist";
				LD_RUNPATH_SEARCH_PATHS = (
					"$(inherited)",
					"@executable_path/Frameworks",
					"@loader_path/Frameworks",
				);
				PRODUCT_BUNDLE_IDENTIFIER = "com.litech.quize-newUITests";
				PRODUCT_NAME = "$(TARGET_NAME)";
				SWIFT_VERSION = 5.0;
				TARGETED_DEVICE_FAMILY = "1,2";
				TEST_TARGET_NAME = "quize new";
			};
			name = Release;
		};
/* End XCBuildConfiguration section */

/* Begin XCConfigurationList section */
		EBEC235025E5014C00D3A0C5 /* Build configuration list for PBXProject "quize new" */ = {
			isa = XCConfigurationList;
			buildConfigurations = (
				EBEC237D25E5014E00D3A0C5 /* Debug */,
				EBEC237E25E5014E00D3A0C5 /* Release */,
			);
			defaultConfigurationIsVisible = 0;
			defaultConfigurationName = Release;
		};
		EBEC237F25E5014E00D3A0C5 /* Build configuration list for PBXNativeTarget "quize new" */ = {
			isa = XCConfigurationList;
			buildConfigurations = (
				EBEC238025E5014E00D3A0C5 /* Debug */,
				EBEC238125E5014E00D3A0C5 /* Release */,
			);
			defaultConfigurationIsVisible = 0;
			defaultConfigurationName = Release;
		};
		EBEC238225E5014E00D3A0C5 /* Build configuration list for PBXNativeTarget "quize newTests" */ = {
			isa = XCConfigurationList;
			buildConfigurations = (
				EBEC238325E5014E00D3A0C5 /* Debug */,
				EBEC238425E5014E00D3A0C5 /* Release */,
			);
			defaultConfigurationIsVisible = 0;
			defaultConfigurationName = Release;
		};
		EBEC238525E5014E00D3A0C5 /* Build configuration list for PBXNativeTarget "quize newUITests" */ = {
			isa = XCConfigurationList;
			buildConfigurations = (
				EBEC238625E5014E00D3A0C5 /* Debug */,
				EBEC238725E5014E00D3A0C5 /* Release */,
			);
			defaultConfigurationIsVisible = 0;
			defaultConfigurationName = Release;
		};
/* End XCConfigurationList section */
	};
	rootObject = EBEC234D25E5014C00D3A0C5 /* Project object */;
}
